
Microsoft Visual Studio Solution File, Format Version 12.00
# Visual Studio Version 17
VisualStudioVersion = 17.0.31611.283
MinimumVisualStudioVersion = 10.0.40219.1
Project("{9A19103F-16F7-4668-BE54-9A1E7A4F7556}") = "MAUI-Demo", "MAUI-Demo.csproj", "{59EC45E4-9C48-4C06-8169-7DBED51E2E3F}"
EndProject
Project("{FAE04EC0-301F-11D3-BF4B-00C04F79EFBC}") = "MAUI-Demo-Service", "..\MAUI-Demo-Service\MAUI-Demo-Service.csproj", "{2C34B386-29CB-4AB1-A9F1-9F55F5EBBB64}"
EndProject
Global
	GlobalSection(SolutionConfigurationPlatforms) = preSolution
		Debug|Any CPU = Debug|Any CPU
		Release|Any CPU = Release|Any CPU
	EndGlobalSection
	GlobalSection(ProjectConfigurationPlatforms) = postSolution
		{59EC45E4-9C48-4C06-8169-7DBED51E2E3F}.Debug|Any CPU.ActiveCfg = Debug|Any CPU
		{59EC45E4-9C48-4C06-8169-7DBED51E2E3F}.Debug|Any CPU.Build.0 = Debug|Any CPU
		{59EC45E4-9C48-4C06-8169-7DBED51E2E3F}.Debug|Any CPU.Deploy.0 = Debug|Any CPU
		{59EC45E4-9C48-4C06-8169-7DBED51E2E3F}.Release|Any CPU.ActiveCfg = Release|Any CPU
		{59EC45E4-9C48-4C06-8169-7DBED51E2E3F}.Release|Any CPU.Build.0 = Release|Any CPU
		{59EC45E4-9C48-4C06-8169-7DBED51E2E3F}.Release|Any CPU.Deploy.0 = Release|Any CPU
		{2C34B386-29CB-4AB1-A9F1-9F55F5EBBB64}.Debug|Any CPU.ActiveCfg = Debug|Any CPU
		{2C34B386-29CB-4AB1-A9F1-9F55F5EBBB64}.Debug|Any CPU.Build.0 = Debug|Any CPU
		{2C34B386-29CB-4AB1-A9F1-9F55F5EBBB64}.Release|Any CPU.ActiveCfg = Release|Any CPU
		{2C34B386-29CB-4AB1-A9F1-9F55F5EBBB64}.Release|Any CPU.Build.0 = Release|Any CPU
	EndGlobalSection
	GlobalSection(SolutionProperties) = preSolution
		HideSolutionNode = FALSE
	EndGlobalSection
	GlobalSection(ExtensibilityGlobals) = postSolution
		SolutionGuid = {61F7FB11-1E47-470C-91E2-47F8143E1572}
	EndGlobalSection
EndGlobal
